{
  "version": 4,
  "terraform_version": "1.7.1",
  "serial": 177,
  "lineage": "484f972b-ed9d-7dc8-ba60-a03711670342",
  "outputs": {},
  "resources": [
    {
      "mode": "managed",
      "type": "yandex_vpc_network",
      "name": "network1",
      "provider": "provider[\"registry.terraform.io/yandex-cloud/yandex\"]",
      "instances": [
        {
          "schema_version": 0,
          "attributes": {
            "created_at": "2024-02-20T09:11:15Z",
            "default_security_group_id": "enptmd202fpe6fhkfoea",
            "description": "",
            "folder_id": "b1g628hnpg0rl736jrhj",
            "id": "enp5v2gdf4gipaku6bdc",
            "labels": {},
            "name": "network1",
            "subnet_ids": [
              "e2l6afhp0mia35fcgnlg",
              "e2lf8ve1ikfqu7klbste",
              "e9bkhhmbdefodj0tghpj"
            ],
            "timeouts": null
          },
          "sensitive_attributes": [],
          "private": "eyJlMmJmYjczMC1lY2FhLTExZTYtOGY4OC0zNDM2M2JjN2M0YzAiOnsiY3JlYXRlIjo2MDAwMDAwMDAwMCwiZGVsZXRlIjo2MDAwMDAwMDAwMCwidXBkYXRlIjo2MDAwMDAwMDAwMH19"
        }
      ]
    },
    {
      "mode": "managed",
      "type": "yandex_vpc_security_group",
      "name": "chichnikita-gw",
      "provider": "provider[\"registry.terraform.io/yandex-cloud/yandex\"]",
      "instances": [
        {
          "schema_version": 0,
          "attributes": {
            "created_at": "2024-02-20T09:11:22Z",
            "description": "",
            "egress": [
              {
                "description": "any",
                "from_port": -1,
                "id": "enptapdptht8p4iiju5n",
                "labels": {},
                "port": -1,
                "predefined_target": "",
                "protocol": "ANY",
                "security_group_id": "",
                "to_port": -1,
                "v4_cidr_blocks": [
                  "0.0.0.0/0"
                ],
                "v6_cidr_blocks": []
              }
            ],
            "folder_id": "b1g628hnpg0rl736jrhj",
            "id": "enp3qkdj2skjlggcbisi",
            "ingress": [
              {
                "description": "ssh",
                "from_port": -1,
                "id": "enp2mooj1h5595k5h5q7",
                "labels": {},
                "port": 22,
                "predefined_target": "",
                "protocol": "TCP",
                "security_group_id": "",
                "to_port": -1,
                "v4_cidr_blocks": [
                  "0.0.0.0/0"
                ],
                "v6_cidr_blocks": []
              }
            ],
            "labels": {},
            "name": "chichnikita-gw",
            "network_id": "enp5v2gdf4gipaku6bdc",
            "status": "ACTIVE",
            "timeouts": null
          },
          "sensitive_attributes": [],
          "private": "eyJlMmJmYjczMC1lY2FhLTExZTYtOGY4OC0zNDM2M2JjN2M0YzAiOnsiY3JlYXRlIjoxODAwMDAwMDAwMDAsImRlbGV0ZSI6MTgwMDAwMDAwMDAwLCJ1cGRhdGUiOjE4MDAwMDAwMDAwMH19",
          "dependencies": [
            "yandex_vpc_network.network1"
          ]
        }
      ]
    },
    {
      "mode": "managed",
      "type": "yandex_vpc_subnet",
      "name": "subnet-gw",
      "provider": "provider[\"registry.terraform.io/yandex-cloud/yandex\"]",
      "instances": [
        {
          "schema_version": 0,
          "attributes": {
            "created_at": "2024-02-25T12:09:23Z",
            "description": "",
            "dhcp_options": [],
            "folder_id": "b1g628hnpg0rl736jrhj",
            "id": "e2lf8ve1ikfqu7klbste",
            "labels": {},
            "name": "subnet-gw",
            "network_id": "enp5v2gdf4gipaku6bdc",
            "route_table_id": "",
            "timeouts": null,
            "v4_cidr_blocks": [
              "192.168.3.0/24"
            ],
            "v6_cidr_blocks": [],
            "zone": "ru-central1-b"
          },
          "sensitive_attributes": [],
          "private": "eyJlMmJmYjczMC1lY2FhLTExZTYtOGY4OC0zNDM2M2JjN2M0YzAiOnsiY3JlYXRlIjoxODAwMDAwMDAwMDAsImRlbGV0ZSI6MTgwMDAwMDAwMDAwLCJ1cGRhdGUiOjE4MDAwMDAwMDAwMH19",
          "dependencies": [
            "yandex_vpc_network.network1"
          ]
        }
      ]
    }
  ],
  "check_results": null
}
